
Microsoft Visual Studio Solution File, Format Version 12.00
# Visual Studio Version 17
VisualStudioVersion = 17.6.33801.468
MinimumVisualStudioVersion = 10.0.40219.1
Project("{2150E333-8FDC-42A3-9474-1A3956D46DE8}") = "BiblioICGO", "BiblioICGO", "{112697B0-666F-4A31-9DA9-C7228A4D3353}"
EndProject
Project("{2150E333-8FDC-42A3-9474-1A3956D46DE8}") = "BiblioICGODAO", "BiblioICGODAO", "{CFBEDFC1-6257-41BC-9D90-9135B1A95156}"
EndProject
Project("{2150E333-8FDC-42A3-9474-1A3956D46DE8}") = "TestInscriptionDAO", "TestInscriptionDAO", "{41992424-B859-441B-B06C-424BBB5FB300}"
EndProject
Project("{2150E333-8FDC-42A3-9474-1A3956D46DE8}") = "TestModuleDAO", "TestModuleDAO", "{3B3880D2-4958-4099-BC28-3C1367A3E396}"
EndProject
Project("{2150E333-8FDC-42A3-9474-1A3956D46DE8}") = "ProjetICGO", "ProjetICGO", "{70DCA8FE-0419-4267-A71D-E9ACC6E88A65}"
EndProject
Project("{FAE04EC0-301F-11D3-BF4B-00C04F79EFBC}") = "BiblioICGO", "BiblioICGO\BiblioICGO.csproj", "{686C7F26-9C82-4F16-875B-BE6DD19EB97B}"
EndProject
Project("{FAE04EC0-301F-11D3-BF4B-00C04F79EFBC}") = "BiblioICGODAO", "BiblioICGODAO\BiblioICGODAO.csproj", "{EDF809DA-A5F1-4E6B-9243-BE7ED04AAB3A}"
EndProject
Project("{FAE04EC0-301F-11D3-BF4B-00C04F79EFBC}") = "ProjetICGO", "ProjetICGO\ProjetICGO.csproj", "{0B226918-8B2F-4017-9548-C06C8AF24CD3}"
EndProject
Project("{FAE04EC0-301F-11D3-BF4B-00C04F79EFBC}") = "TestInscriptionDAO", "TestInscriptionDAO\TestInscriptionDAO.csproj", "{D5776FB4-ED0A-4180-9841-3F6BF46DE213}"
EndProject
Project("{FAE04EC0-301F-11D3-BF4B-00C04F79EFBC}") = "TestModuleDAO", "TestModuleDAO\TestModuleDAO.csproj", "{F4680000-BB0E-4346-BDF5-C4F6D9AD1597}"
EndProject
Global
	GlobalSection(SolutionConfigurationPlatforms) = preSolution
		Debug|Any CPU = Debug|Any CPU
		Debug|x86 = Debug|x86
		Release|Any CPU = Release|Any CPU
		Release|x86 = Release|x86
	EndGlobalSection
	GlobalSection(ProjectConfigurationPlatforms) = postSolution
		{686C7F26-9C82-4F16-875B-BE6DD19EB97B}.Debug|Any CPU.ActiveCfg = Debug|Any CPU
		{686C7F26-9C82-4F16-875B-BE6DD19EB97B}.Debug|Any CPU.Build.0 = Debug|Any CPU
		{686C7F26-9C82-4F16-875B-BE6DD19EB97B}.Debug|x86.ActiveCfg = Debug|Any CPU
		{686C7F26-9C82-4F16-875B-BE6DD19EB97B}.Debug|x86.Build.0 = Debug|Any CPU
		{686C7F26-9C82-4F16-875B-BE6DD19EB97B}.Release|Any CPU.ActiveCfg = Release|Any CPU
		{686C7F26-9C82-4F16-875B-BE6DD19EB97B}.Release|Any CPU.Build.0 = Release|Any CPU
		{686C7F26-9C82-4F16-875B-BE6DD19EB97B}.Release|x86.ActiveCfg = Release|Any CPU
		{686C7F26-9C82-4F16-875B-BE6DD19EB97B}.Release|x86.Build.0 = Release|Any CPU
		{EDF809DA-A5F1-4E6B-9243-BE7ED04AAB3A}.Debug|Any CPU.ActiveCfg = Debug|Any CPU
		{EDF809DA-A5F1-4E6B-9243-BE7ED04AAB3A}.Debug|Any CPU.Build.0 = Debug|Any CPU
		{EDF809DA-A5F1-4E6B-9243-BE7ED04AAB3A}.Debug|x86.ActiveCfg = Debug|Any CPU
		{EDF809DA-A5F1-4E6B-9243-BE7ED04AAB3A}.Debug|x86.Build.0 = Debug|Any CPU
		{EDF809DA-A5F1-4E6B-9243-BE7ED04AAB3A}.Release|Any CPU.ActiveCfg = Release|Any CPU
		{EDF809DA-A5F1-4E6B-9243-BE7ED04AAB3A}.Release|Any CPU.Build.0 = Release|Any CPU
		{EDF809DA-A5F1-4E6B-9243-BE7ED04AAB3A}.Release|x86.ActiveCfg = Release|Any CPU
		{EDF809DA-A5F1-4E6B-9243-BE7ED04AAB3A}.Release|x86.Build.0 = Release|Any CPU
		{0B226918-8B2F-4017-9548-C06C8AF24CD3}.Debug|Any CPU.ActiveCfg = Debug|x86
		{0B226918-8B2F-4017-9548-C06C8AF24CD3}.Debug|Any CPU.Build.0 = Debug|x86
		{0B226918-8B2F-4017-9548-C06C8AF24CD3}.Debug|x86.ActiveCfg = Debug|x86
		{0B226918-8B2F-4017-9548-C06C8AF24CD3}.Debug|x86.Build.0 = Debug|x86
		{0B226918-8B2F-4017-9548-C06C8AF24CD3}.Release|Any CPU.ActiveCfg = Release|x86
		{0B226918-8B2F-4017-9548-C06C8AF24CD3}.Release|Any CPU.Build.0 = Release|x86
		{0B226918-8B2F-4017-9548-C06C8AF24CD3}.Release|x86.ActiveCfg = Release|x86
		{0B226918-8B2F-4017-9548-C06C8AF24CD3}.Release|x86.Build.0 = Release|x86
		{D5776FB4-ED0A-4180-9841-3F6BF46DE213}.Debug|Any CPU.ActiveCfg = Debug|Any CPU
		{D5776FB4-ED0A-4180-9841-3F6BF46DE213}.Debug|Any CPU.Build.0 = Debug|Any CPU
		{D5776FB4-ED0A-4180-9841-3F6BF46DE213}.Debug|x86.ActiveCfg = Debug|Any CPU
		{D5776FB4-ED0A-4180-9841-3F6BF46DE213}.Debug|x86.Build.0 = Debug|Any CPU
		{D5776FB4-ED0A-4180-9841-3F6BF46DE213}.Release|Any CPU.ActiveCfg = Release|Any CPU
		{D5776FB4-ED0A-4180-9841-3F6BF46DE213}.Release|Any CPU.Build.0 = Release|Any CPU
		{D5776FB4-ED0A-4180-9841-3F6BF46DE213}.Release|x86.ActiveCfg = Release|Any CPU
		{D5776FB4-ED0A-4180-9841-3F6BF46DE213}.Release|x86.Build.0 = Release|Any CPU
		{F4680000-BB0E-4346-BDF5-C4F6D9AD1597}.Debug|Any CPU.ActiveCfg = Debug|Any CPU
		{F4680000-BB0E-4346-BDF5-C4F6D9AD1597}.Debug|Any CPU.Build.0 = Debug|Any CPU
		{F4680000-BB0E-4346-BDF5-C4F6D9AD1597}.Debug|x86.ActiveCfg = Debug|Any CPU
		{F4680000-BB0E-4346-BDF5-C4F6D9AD1597}.Debug|x86.Build.0 = Debug|Any CPU
		{F4680000-BB0E-4346-BDF5-C4F6D9AD1597}.Release|Any CPU.ActiveCfg = Release|Any CPU
		{F4680000-BB0E-4346-BDF5-C4F6D9AD1597}.Release|Any CPU.Build.0 = Release|Any CPU
		{F4680000-BB0E-4346-BDF5-C4F6D9AD1597}.Release|x86.ActiveCfg = Release|Any CPU
		{F4680000-BB0E-4346-BDF5-C4F6D9AD1597}.Release|x86.Build.0 = Release|Any CPU
	EndGlobalSection
	GlobalSection(SolutionProperties) = preSolution
		HideSolutionNode = FALSE
	EndGlobalSection
	GlobalSection(NestedProjects) = preSolution
		{686C7F26-9C82-4F16-875B-BE6DD19EB97B} = {112697B0-666F-4A31-9DA9-C7228A4D3353}
		{EDF809DA-A5F1-4E6B-9243-BE7ED04AAB3A} = {CFBEDFC1-6257-41BC-9D90-9135B1A95156}
		{0B226918-8B2F-4017-9548-C06C8AF24CD3} = {70DCA8FE-0419-4267-A71D-E9ACC6E88A65}
		{D5776FB4-ED0A-4180-9841-3F6BF46DE213} = {41992424-B859-441B-B06C-424BBB5FB300}
		{F4680000-BB0E-4346-BDF5-C4F6D9AD1597} = {3B3880D2-4958-4099-BC28-3C1367A3E396}
	EndGlobalSection
	GlobalSection(ExtensibilityGlobals) = postSolution
		SolutionGuid = {F13B29FC-A42D-4E3D-83E2-6A870C38359A}
	EndGlobalSection
EndGlobal
